
Microsoft Visual Studio Solution File, Format Version 12.00
# Visual Studio Version 17
VisualStudioVersion = 17.0.31903.59
MinimumVisualStudioVersion = 10.0.40219.1
Project("{2150E333-8FDC-42A3-9474-1A3956D46DE8}") = "src", "src", "{827E0CD3-B72D-47B6-A68D-7590B98EB39B}"
EndProject
Project("{FAE04EC0-301F-11D3-BF4B-00C04F79EFBC}") = "PackWatch.App", "src\PackWatch.App\PackWatch.App.csproj", "{D451D880-ECFA-4247-8B6E-26771C931533}"
EndProject
Project("{FAE04EC0-301F-11D3-BF4B-00C04F79EFBC}") = "PackWatch.Application", "src\PackWatch.Application\PackWatch.Application.csproj", "{FD5DFDCA-5337-4824-9719-17F94341FAFE}"
EndProject
Project("{FAE04EC0-301F-11D3-BF4B-00C04F79EFBC}") = "PackWatch.Domain", "src\PackWatch.Domain\PackWatch.Domain.csproj", "{61ABA847-DFE7-434F-BD46-6174674EF666}"
EndProject
Project("{FAE04EC0-301F-11D3-BF4B-00C04F79EFBC}") = "PackWatch.Infrastructure", "src\PackWatch.Infrastructure\PackWatch.Infrastructure.csproj", "{F88081B5-2AB7-4A78-BFAA-74F21131F1EE}"
EndProject
Project("{FAE04EC0-301F-11D3-BF4B-00C04F79EFBC}") = "PackWatch.Persistence", "src\PackWatch.Persistence\PackWatch.Persistence.csproj", "{683692B1-E9FB-4A66-917D-215178C275CB}"
EndProject
Project("{FAE04EC0-301F-11D3-BF4B-00C04F79EFBC}") = "PackWatch.Shared", "src\PackWatch.Shared\PackWatch.Shared.csproj", "{AD9AC06C-787C-4A92-B024-1F4D3EA4DACF}"
EndProject
Project("{2150E333-8FDC-42A3-9474-1A3956D46DE8}") = "tests", "tests", "{0AB3BF05-4346-4AA6-1389-037BE0695223}"
EndProject
Project("{FAE04EC0-301F-11D3-BF4B-00C04F79EFBC}") = "PackWatch.Tests", "tests\PackWatch.Tests\PackWatch.Tests.csproj", "{677D2C47-7339-41D3-864B-42FC12454F16}"
EndProject
Global
	GlobalSection(SolutionConfigurationPlatforms) = preSolution
		Debug|Any CPU = Debug|Any CPU
		Debug|x64 = Debug|x64
		Debug|x86 = Debug|x86
		Release|Any CPU = Release|Any CPU
		Release|x64 = Release|x64
		Release|x86 = Release|x86
	EndGlobalSection
	GlobalSection(ProjectConfigurationPlatforms) = postSolution
		{D451D880-ECFA-4247-8B6E-26771C931533}.Debug|Any CPU.ActiveCfg = Debug|Any CPU
		{D451D880-ECFA-4247-8B6E-26771C931533}.Debug|Any CPU.Build.0 = Debug|Any CPU
		{D451D880-ECFA-4247-8B6E-26771C931533}.Debug|x64.ActiveCfg = Debug|Any CPU
		{D451D880-ECFA-4247-8B6E-26771C931533}.Debug|x64.Build.0 = Debug|Any CPU
		{D451D880-ECFA-4247-8B6E-26771C931533}.Debug|x86.ActiveCfg = Debug|Any CPU
		{D451D880-ECFA-4247-8B6E-26771C931533}.Debug|x86.Build.0 = Debug|Any CPU
		{D451D880-ECFA-4247-8B6E-26771C931533}.Release|Any CPU.ActiveCfg = Release|Any CPU
		{D451D880-ECFA-4247-8B6E-26771C931533}.Release|Any CPU.Build.0 = Release|Any CPU
		{D451D880-ECFA-4247-8B6E-26771C931533}.Release|x64.ActiveCfg = Release|Any CPU
		{D451D880-ECFA-4247-8B6E-26771C931533}.Release|x64.Build.0 = Release|Any CPU
		{D451D880-ECFA-4247-8B6E-26771C931533}.Release|x86.ActiveCfg = Release|Any CPU
		{D451D880-ECFA-4247-8B6E-26771C931533}.Release|x86.Build.0 = Release|Any CPU
		{FD5DFDCA-5337-4824-9719-17F94341FAFE}.Debug|Any CPU.ActiveCfg = Debug|Any CPU
		{FD5DFDCA-5337-4824-9719-17F94341FAFE}.Debug|Any CPU.Build.0 = Debug|Any CPU
		{FD5DFDCA-5337-4824-9719-17F94341FAFE}.Debug|x64.ActiveCfg = Debug|Any CPU
		{FD5DFDCA-5337-4824-9719-17F94341FAFE}.Debug|x64.Build.0 = Debug|Any CPU
		{FD5DFDCA-5337-4824-9719-17F94341FAFE}.Debug|x86.ActiveCfg = Debug|Any CPU
		{FD5DFDCA-5337-4824-9719-17F94341FAFE}.Debug|x86.Build.0 = Debug|Any CPU
		{FD5DFDCA-5337-4824-9719-17F94341FAFE}.Release|Any CPU.ActiveCfg = Release|Any CPU
		{FD5DFDCA-5337-4824-9719-17F94341FAFE}.Release|Any CPU.Build.0 = Release|Any CPU
		{FD5DFDCA-5337-4824-9719-17F94341FAFE}.Release|x64.ActiveCfg = Release|Any CPU
		{FD5DFDCA-5337-4824-9719-17F94341FAFE}.Release|x64.Build.0 = Release|Any CPU
		{FD5DFDCA-5337-4824-9719-17F94341FAFE}.Release|x86.ActiveCfg = Release|Any CPU
		{FD5DFDCA-5337-4824-9719-17F94341FAFE}.Release|x86.Build.0 = Release|Any CPU
		{61ABA847-DFE7-434F-BD46-6174674EF666}.Debug|Any CPU.ActiveCfg = Debug|Any CPU
		{61ABA847-DFE7-434F-BD46-6174674EF666}.Debug|Any CPU.Build.0 = Debug|Any CPU
		{61ABA847-DFE7-434F-BD46-6174674EF666}.Debug|x64.ActiveCfg = Debug|Any CPU
		{61ABA847-DFE7-434F-BD46-6174674EF666}.Debug|x64.Build.0 = Debug|Any CPU
		{61ABA847-DFE7-434F-BD46-6174674EF666}.Debug|x86.ActiveCfg = Debug|Any CPU
		{61ABA847-DFE7-434F-BD46-6174674EF666}.Debug|x86.Build.0 = Debug|Any CPU
		{61ABA847-DFE7-434F-BD46-6174674EF666}.Release|Any CPU.ActiveCfg = Release|Any CPU
		{61ABA847-DFE7-434F-BD46-6174674EF666}.Release|Any CPU.Build.0 = Release|Any CPU
		{61ABA847-DFE7-434F-BD46-6174674EF666}.Release|x64.ActiveCfg = Release|Any CPU
		{61ABA847-DFE7-434F-BD46-6174674EF666}.Release|x64.Build.0 = Release|Any CPU
		{61ABA847-DFE7-434F-BD46-6174674EF666}.Release|x86.ActiveCfg = Release|Any CPU
		{61ABA847-DFE7-434F-BD46-6174674EF666}.Release|x86.Build.0 = Release|Any CPU
		{F88081B5-2AB7-4A78-BFAA-74F21131F1EE}.Debug|Any CPU.ActiveCfg = Debug|Any CPU
		{F88081B5-2AB7-4A78-BFAA-74F21131F1EE}.Debug|Any CPU.Build.0 = Debug|Any CPU
		{F88081B5-2AB7-4A78-BFAA-74F21131F1EE}.Debug|x64.ActiveCfg = Debug|Any CPU
		{F88081B5-2AB7-4A78-BFAA-74F21131F1EE}.Debug|x64.Build.0 = Debug|Any CPU
		{F88081B5-2AB7-4A78-BFAA-74F21131F1EE}.Debug|x86.ActiveCfg = Debug|Any CPU
		{F88081B5-2AB7-4A78-BFAA-74F21131F1EE}.Debug|x86.Build.0 = Debug|Any CPU
		{F88081B5-2AB7-4A78-BFAA-74F21131F1EE}.Release|Any CPU.ActiveCfg = Release|Any CPU
		{F88081B5-2AB7-4A78-BFAA-74F21131F1EE}.Release|Any CPU.Build.0 = Release|Any CPU
		{F88081B5-2AB7-4A78-BFAA-74F21131F1EE}.Release|x64.ActiveCfg = Release|Any CPU
		{F88081B5-2AB7-4A78-BFAA-74F21131F1EE}.Release|x64.Build.0 = Release|Any CPU
		{F88081B5-2AB7-4A78-BFAA-74F21131F1EE}.Release|x86.ActiveCfg = Release|Any CPU
		{F88081B5-2AB7-4A78-BFAA-74F21131F1EE}.Release|x86.Build.0 = Release|Any CPU
		{683692B1-E9FB-4A66-917D-215178C275CB}.Debug|Any CPU.ActiveCfg = Debug|Any CPU
		{683692B1-E9FB-4A66-917D-215178C275CB}.Debug|Any CPU.Build.0 = Debug|Any CPU
		{683692B1-E9FB-4A66-917D-215178C275CB}.Debug|x64.ActiveCfg = Debug|Any CPU
		{683692B1-E9FB-4A66-917D-215178C275CB}.Debug|x64.Build.0 = Debug|Any CPU
		{683692B1-E9FB-4A66-917D-215178C275CB}.Debug|x86.ActiveCfg = Debug|Any CPU
		{683692B1-E9FB-4A66-917D-215178C275CB}.Debug|x86.Build.0 = Debug|Any CPU
		{683692B1-E9FB-4A66-917D-215178C275CB}.Release|Any CPU.ActiveCfg = Release|Any CPU
		{683692B1-E9FB-4A66-917D-215178C275CB}.Release|Any CPU.Build.0 = Release|Any CPU
		{683692B1-E9FB-4A66-917D-215178C275CB}.Release|x64.ActiveCfg = Release|Any CPU
		{683692B1-E9FB-4A66-917D-215178C275CB}.Release|x64.Build.0 = Release|Any CPU
		{683692B1-E9FB-4A66-917D-215178C275CB}.Release|x86.ActiveCfg = Release|Any CPU
		{683692B1-E9FB-4A66-917D-215178C275CB}.Release|x86.Build.0 = Release|Any CPU
		{AD9AC06C-787C-4A92-B024-1F4D3EA4DACF}.Debug|Any CPU.ActiveCfg = Debug|Any CPU
		{AD9AC06C-787C-4A92-B024-1F4D3EA4DACF}.Debug|Any CPU.Build.0 = Debug|Any CPU
		{AD9AC06C-787C-4A92-B024-1F4D3EA4DACF}.Debug|x64.ActiveCfg = Debug|Any CPU
		{AD9AC06C-787C-4A92-B024-1F4D3EA4DACF}.Debug|x64.Build.0 = Debug|Any CPU
		{AD9AC06C-787C-4A92-B024-1F4D3EA4DACF}.Debug|x86.ActiveCfg = Debug|Any CPU
		{AD9AC06C-787C-4A92-B024-1F4D3EA4DACF}.Debug|x86.Build.0 = Debug|Any CPU
		{AD9AC06C-787C-4A92-B024-1F4D3EA4DACF}.Release|Any CPU.ActiveCfg = Release|Any CPU
		{AD9AC06C-787C-4A92-B024-1F4D3EA4DACF}.Release|Any CPU.Build.0 = Release|Any CPU
		{AD9AC06C-787C-4A92-B024-1F4D3EA4DACF}.Release|x64.ActiveCfg = Release|Any CPU
		{AD9AC06C-787C-4A92-B024-1F4D3EA4DACF}.Release|x64.Build.0 = Release|Any CPU
		{AD9AC06C-787C-4A92-B024-1F4D3EA4DACF}.Release|x86.ActiveCfg = Release|Any CPU
		{AD9AC06C-787C-4A92-B024-1F4D3EA4DACF}.Release|x86.Build.0 = Release|Any CPU
		{677D2C47-7339-41D3-864B-42FC12454F16}.Debug|Any CPU.ActiveCfg = Debug|Any CPU
		{677D2C47-7339-41D3-864B-42FC12454F16}.Debug|Any CPU.Build.0 = Debug|Any CPU
		{677D2C47-7339-41D3-864B-42FC12454F16}.Debug|x64.ActiveCfg = Debug|Any CPU
		{677D2C47-7339-41D3-864B-42FC12454F16}.Debug|x64.Build.0 = Debug|Any CPU
		{677D2C47-7339-41D3-864B-42FC12454F16}.Debug|x86.ActiveCfg = Debug|Any CPU
		{677D2C47-7339-41D3-864B-42FC12454F16}.Debug|x86.Build.0 = Debug|Any CPU
		{677D2C47-7339-41D3-864B-42FC12454F16}.Release|Any CPU.ActiveCfg = Release|Any CPU
		{677D2C47-7339-41D3-864B-42FC12454F16}.Release|Any CPU.Build.0 = Release|Any CPU
		{677D2C47-7339-41D3-864B-42FC12454F16}.Release|x64.ActiveCfg = Release|Any CPU
		{677D2C47-7339-41D3-864B-42FC12454F16}.Release|x64.Build.0 = Release|Any CPU
		{677D2C47-7339-41D3-864B-42FC12454F16}.Release|x86.ActiveCfg = Release|Any CPU
		{677D2C47-7339-41D3-864B-42FC12454F16}.Release|x86.Build.0 = Release|Any CPU
	EndGlobalSection
	GlobalSection(SolutionProperties) = preSolution
		HideSolutionNode = FALSE
	EndGlobalSection
	GlobalSection(NestedProjects) = preSolution
		{D451D880-ECFA-4247-8B6E-26771C931533} = {827E0CD3-B72D-47B6-A68D-7590B98EB39B}
		{FD5DFDCA-5337-4824-9719-17F94341FAFE} = {827E0CD3-B72D-47B6-A68D-7590B98EB39B}
		{61ABA847-DFE7-434F-BD46-6174674EF666} = {827E0CD3-B72D-47B6-A68D-7590B98EB39B}
		{F88081B5-2AB7-4A78-BFAA-74F21131F1EE} = {827E0CD3-B72D-47B6-A68D-7590B98EB39B}
		{683692B1-E9FB-4A66-917D-215178C275CB} = {827E0CD3-B72D-47B6-A68D-7590B98EB39B}
		{AD9AC06C-787C-4A92-B024-1F4D3EA4DACF} = {827E0CD3-B72D-47B6-A68D-7590B98EB39B}
		{677D2C47-7339-41D3-864B-42FC12454F16} = {0AB3BF05-4346-4AA6-1389-037BE0695223}
	EndGlobalSection
EndGlobal
